
Microsoft Visual Studio Solution File, Format Version 12.00
# Visual Studio Version 17
VisualStudioVersion = 17.14.36414.22
MinimumVisualStudioVersion = 10.0.40219.1
Project("{FAE04EC0-301F-11D3-BF4B-00C04F79EFBC}") = "RSMS.Data", "RSMS.Data\RSMS.Data.csproj", "{B8E3B571-4761-4A0B-8822-E80063F03526}"
EndProject
Project("{FAE04EC0-301F-11D3-BF4B-00C04F79EFBC}") = "RSMS.Common", "RSMS.Common\RSMS.Common.csproj", "{DB065214-DFEE-486B-86AD-257ED617801F}"
EndProject
Project("{FAE04EC0-301F-11D3-BF4B-00C04F79EFBC}") = "RSMS.Services", "RSMS.Services\RSMS.Services.csproj", "{8F3AFCA3-252F-4AD8-9607-BAB6261C946A}"
EndProject
Project("{FAE04EC0-301F-11D3-BF4B-00C04F79EFBC}") = "RSMS.Tests", "RSMS.Tests\RSMS.Tests.csproj", "{B4DF6BD0-91D0-4D37-A09C-F3EFAF2D43B6}"
EndProject
Project("{2150E333-8FDC-42A3-9474-1A3956D46DE8}") = "Scripts", "Scripts", "{02EA681E-C7D8-13C7-8484-4AC65E1B71E8}"
	ProjectSection(SolutionItems) = preProject
		SeedData.sql = SeedData.sql
		Table-Scripts.sql = Table-Scripts.sql
	EndProjectSection
EndProject
Project("{2150E333-8FDC-42A3-9474-1A3956D46DE8}") = "Documents", "Documents", "{EC9BDCED-EB00-409B-906B-E0C0BD86D145}"
	ProjectSection(SolutionItems) = preProject
		..\..\..\..\Users\prane\Downloads\API Documentation.docx = ..\..\..\..\Users\prane\Downloads\API Documentation.docx
	EndProjectSection
EndProject
Project("{FAE04EC0-301F-11D3-BF4B-00C04F79EFBC}") = "RSMS.Api", "RSMS.Api\RSMS.Api.csproj", "{19A12654-38BF-230F-0D44-8BF98C604F9F}"
EndProject
Project("{FAE04EC0-301F-11D3-BF4B-00C04F79EFBC}") = "RSMS.Repositories", "RSMS.Business\RSMS.Repositories.csproj", "{8FEFEFD5-A3C0-4411-93C3-9C373EBE58A3}"
EndProject
Global
	GlobalSection(SolutionConfigurationPlatforms) = preSolution
		Debug|Any CPU = Debug|Any CPU
		Release|Any CPU = Release|Any CPU
	EndGlobalSection
	GlobalSection(ProjectConfigurationPlatforms) = postSolution
		{B8E3B571-4761-4A0B-8822-E80063F03526}.Debug|Any CPU.ActiveCfg = Debug|Any CPU
		{B8E3B571-4761-4A0B-8822-E80063F03526}.Debug|Any CPU.Build.0 = Debug|Any CPU
		{B8E3B571-4761-4A0B-8822-E80063F03526}.Release|Any CPU.ActiveCfg = Release|Any CPU
		{B8E3B571-4761-4A0B-8822-E80063F03526}.Release|Any CPU.Build.0 = Release|Any CPU
		{DB065214-DFEE-486B-86AD-257ED617801F}.Debug|Any CPU.ActiveCfg = Debug|Any CPU
		{DB065214-DFEE-486B-86AD-257ED617801F}.Debug|Any CPU.Build.0 = Debug|Any CPU
		{DB065214-DFEE-486B-86AD-257ED617801F}.Release|Any CPU.ActiveCfg = Release|Any CPU
		{DB065214-DFEE-486B-86AD-257ED617801F}.Release|Any CPU.Build.0 = Release|Any CPU
		{8F3AFCA3-252F-4AD8-9607-BAB6261C946A}.Debug|Any CPU.ActiveCfg = Debug|Any CPU
		{8F3AFCA3-252F-4AD8-9607-BAB6261C946A}.Debug|Any CPU.Build.0 = Debug|Any CPU
		{8F3AFCA3-252F-4AD8-9607-BAB6261C946A}.Release|Any CPU.ActiveCfg = Release|Any CPU
		{8F3AFCA3-252F-4AD8-9607-BAB6261C946A}.Release|Any CPU.Build.0 = Release|Any CPU
		{B4DF6BD0-91D0-4D37-A09C-F3EFAF2D43B6}.Debug|Any CPU.ActiveCfg = Debug|Any CPU
		{B4DF6BD0-91D0-4D37-A09C-F3EFAF2D43B6}.Debug|Any CPU.Build.0 = Debug|Any CPU
		{B4DF6BD0-91D0-4D37-A09C-F3EFAF2D43B6}.Release|Any CPU.ActiveCfg = Release|Any CPU
		{B4DF6BD0-91D0-4D37-A09C-F3EFAF2D43B6}.Release|Any CPU.Build.0 = Release|Any CPU
		{19A12654-38BF-230F-0D44-8BF98C604F9F}.Debug|Any CPU.ActiveCfg = Debug|Any CPU
		{19A12654-38BF-230F-0D44-8BF98C604F9F}.Debug|Any CPU.Build.0 = Debug|Any CPU
		{19A12654-38BF-230F-0D44-8BF98C604F9F}.Release|Any CPU.ActiveCfg = Release|Any CPU
		{19A12654-38BF-230F-0D44-8BF98C604F9F}.Release|Any CPU.Build.0 = Release|Any CPU
		{8FEFEFD5-A3C0-4411-93C3-9C373EBE58A3}.Debug|Any CPU.ActiveCfg = Debug|Any CPU
		{8FEFEFD5-A3C0-4411-93C3-9C373EBE58A3}.Debug|Any CPU.Build.0 = Debug|Any CPU
		{8FEFEFD5-A3C0-4411-93C3-9C373EBE58A3}.Release|Any CPU.ActiveCfg = Release|Any CPU
		{8FEFEFD5-A3C0-4411-93C3-9C373EBE58A3}.Release|Any CPU.Build.0 = Release|Any CPU
	EndGlobalSection
	GlobalSection(SolutionProperties) = preSolution
		HideSolutionNode = FALSE
	EndGlobalSection
	GlobalSection(ExtensibilityGlobals) = postSolution
		SolutionGuid = {B9B1E135-7251-4DB2-BA16-49AB69AE6E86}
	EndGlobalSection
EndGlobal
